{
  "lockfileVersion": 1,
  "configVersion": 1,
  "workspaces": {
    "": {
      "dependencies": {
        "@arcjet/bun": "^1.4.0",
        "@arcjet/inspect": "^1.4.0",
      },
    },
  },
  "packages": {
    "@arcjet/analyze": ["@arcjet/analyze@1.4.0", "", { "dependencies": { "@arcjet/analyze-wasm": "1.4.0", "@arcjet/protocol": "1.4.0" } }, "sha512-dKvRoAnhNRHVuHnQZ4LxL8yH7CVrP4uDhfvoN26aqDuAwjLkJZSR1PzGzj1OH91jD1Qqthn/+wzNm7lqPEjJDw=="],

    "@arcjet/analyze-wasm": ["@arcjet/analyze-wasm@1.4.0", "", {}, "sha512-UHyTqz0rQqBccJIWmTPoeKreq3dvZ6Ql5loLY2S0nukA+wBMaBh1Ok88Vo8+qoT10Qkyh9FXk6famNhSiNS/nw=="],

    "@arcjet/body": ["@arcjet/body@1.4.0", "", {}, "sha512-feR887vz8X/jQH8EpztkIdRzY3RnfKjGNBqFIqy2cb+EhxEGmGXJxq+tb0UFndoZ0UIaby+eofDhXUy/4uiF0w=="],

    "@arcjet/bun": ["@arcjet/bun@1.4.0", "", { "dependencies": { "@arcjet/body": "1.4.0", "@arcjet/env": "1.4.0", "@arcjet/headers": "1.4.0", "@arcjet/ip": "1.4.0", "@arcjet/logger": "1.4.0", "@arcjet/protocol": "1.4.0", "@arcjet/transport": "1.4.0", "arcjet": "1.4.0" } }, "sha512-uDkJJ4xz96QnG6MsUCejG77Bo910Mkl2cum66VjXRkNA+wkOslc8E79nErqnqF0YWJsT3KgQmJ5oaa7dsnYa6A=="],

    "@arcjet/cache": ["@arcjet/cache@1.4.0", "", {}, "sha512-hRk2p2ZgZmcl1jv66VfbAXxKk7HghdMwFXWcn0wIjHa+ngaYRQFkfrEE0epWeHyTB/sI/p/3+MOT0ApbzIyY5Q=="],

    "@arcjet/duration": ["@arcjet/duration@1.4.0", "", {}, "sha512-5LzFCwMjaYTArKD+8ChZSUT9e2V8RJHqtHcRme/Q5k55ctjiCY+buMcxXSPcft85PpMGW229XKyO3nJSXr6t/A=="],

    "@arcjet/env": ["@arcjet/env@1.4.0", "", {}, "sha512-zR9du8LpqdHcMQWZPhQeZr7zapf+EFNGjqHEjmAl/7tnJJUckaUGVJtFiSLBpu2mUYlhnMnwM8LRh2KF+45ecQ=="],

    "@arcjet/headers": ["@arcjet/headers@1.4.0", "", {}, "sha512-hzK0jM+sNXZT/dnN6gPSOBiqBODnIuVgFNZG/WHT49VZec9g+nU3X6JFxX5Tm2dIRtVcgQcBpNSgSb1vbWtUiQ=="],

    "@arcjet/inspect": ["@arcjet/inspect@1.4.0", "", { "dependencies": { "@arcjet/protocol": "1.4.0" } }, "sha512-+YZCUerZDboIapzTRBlnTeiQFvyPTEPxlQwDhew2/TKHPLr1/Mh+T5afUJzfT98D2/XUlmIKCLT++ULPd+7jIg=="],

    "@arcjet/ip": ["@arcjet/ip@1.4.0", "", {}, "sha512-gTmtauz5tyuhTaFT8WqS5O7RhpNnJSqK2RO3Hjr1iZydGI2YFkfNoNHjIU8Jck9A281nlHyQTTj3X+ZP51LCfg=="],

    "@arcjet/logger": ["@arcjet/logger@1.4.0", "", { "dependencies": { "@arcjet/sprintf": "1.4.0" } }, "sha512-pAZf78iZ81IezMl5qSbPokY20ma/dNic+w6Q61yOtf7RKfyvIrjWf4ml/CBwrFXodsOLpzeX96TylUudU3/wfQ=="],

    "@arcjet/protocol": ["@arcjet/protocol@1.4.0", "", { "dependencies": { "@arcjet/cache": "1.4.0", "@bufbuild/protobuf": "2.11.0", "@connectrpc/connect": "2.1.1", "typeid-js": "1.2.0" } }, "sha512-CklnpCQ7WIsDa/Bw0ke46B0xs7RsAyXxflB2yRjCUb5yCw2JkfSGqCFLipDUDfI6G9dAFWJ3WZaJYidHDw9/Tg=="],

    "@arcjet/runtime": ["@arcjet/runtime@1.4.0", "", {}, "sha512-bjhzAqGjJwJnjvsbjqR1lpHdKQgbhLwpc+uvgZj5yIhiXCnJTZF+Erq2dsyebvZ8foDasO9iy6gLuTA1Nxeayw=="],

    "@arcjet/sprintf": ["@arcjet/sprintf@1.4.0", "", {}, "sha512-FVrnyJO/0TIokkuXD+RmxK3SZrRhWQJxXnIm9af4U/2rrPzwD/X59t9ba2YW4ENIbVOhhUIUDD6sPfmsLyTl5g=="],

    "@arcjet/stable-hash": ["@arcjet/stable-hash@1.4.0", "", {}, "sha512-8im/JZ8NgtXMx49xJM9w1x7+jzIapDD8HGPqb4JcxCjzMMymXpOCjbQINDPL5Pn5/0aG5C9wBWNuoJtWMSuFGQ=="],

    "@arcjet/transport": ["@arcjet/transport@1.4.0", "", { "dependencies": { "@bufbuild/protobuf": "2.11.0", "@connectrpc/connect": "2.1.1", "@connectrpc/connect-node": "2.1.1", "@connectrpc/connect-web": "2.1.1" } }, "sha512-EGCtY0sZwAJsYc21xbJlz6G+Cv++wPHA45WhzcKTAjJydDyhKSKgE9cM/+5EVmjGE5SHG6ctPwjqxEkV/jR4cw=="],

    "@bufbuild/protobuf": ["@bufbuild/protobuf@2.11.0", "", {}, "sha512-sBXGT13cpmPR5BMgHE6UEEfEaShh5Ror6rfN3yEK5si7QVrtZg8LEPQb0VVhiLRUslD2yLnXtnRzG035J/mZXQ=="],

    "@connectrpc/connect": ["@connectrpc/connect@2.1.1", "", { "peerDependencies": { "@bufbuild/protobuf": "^2.7.0" } }, "sha512-JzhkaTvM73m2K1URT6tv53k2RwngSmCXLZJgK580qNQOXRzZRR/BCMfZw3h+90JpnG6XksP5bYT+cz0rpUzUWQ=="],

    "@connectrpc/connect-node": ["@connectrpc/connect-node@2.1.1", "", { "peerDependencies": { "@bufbuild/protobuf": "^2.7.0", "@connectrpc/connect": "2.1.1" } }, "sha512-s3TfsI1XF+n+1z6MBS9rTnFsxxR4Rw5wmdEnkQINli81ESGxcsfaEet8duzq8LVuuCupmhUsgpRo0Nv9pZkufg=="],

    "@connectrpc/connect-web": ["@connectrpc/connect-web@2.1.1", "", { "peerDependencies": { "@bufbuild/protobuf": "^2.7.0", "@connectrpc/connect": "2.1.1" } }, "sha512-J8317Q2MaFRCT1jzVR1o06bZhDIBmU0UAzWx6xOIXzOq8+k71/+k7MUF7AwcBUX+34WIvbm5syRgC5HXQA8fOg=="],

    "arcjet": ["arcjet@1.4.0", "", { "dependencies": { "@arcjet/analyze": "1.4.0", "@arcjet/cache": "1.4.0", "@arcjet/duration": "1.4.0", "@arcjet/headers": "1.4.0", "@arcjet/protocol": "1.4.0", "@arcjet/runtime": "1.4.0", "@arcjet/stable-hash": "1.4.0" } }, "sha512-x7nRRdV1IEYJHotTBZatBuwha8kjKrv7azOLM6HPpjRMY0nutZBe9PBs8RGAPiaCVl0EFG8VLaYieFbX4X8nMg=="],

    "typeid-js": ["typeid-js@1.2.0", "", { "dependencies": { "uuid": "^10.0.0" } }, "sha512-t76ZucAnvGC60ea/HjVsB0TSoB0cw9yjnfurUgtInXQWUI/VcrlZGpO23KN3iSe8yOGUgb1zr7W7uEzJ3hSljA=="],

    "uuid": ["uuid@10.0.0", "", { "bin": { "uuid": "dist/bin/uuid" } }, "sha512-8XkAphELsDnEGrDxUOHB3RGvXz6TeuYSGEZBOjtTtPm2lwhGBjLgOzLHB63IUWfBpNucQjND6d3AOudO+H3RWQ=="],
  }
}
